{
  "version": 4,
  "terraform_version": "1.0.8",
  "serial": 45,
  "lineage": "f39b5d65-1689-c408-a43a-a1a3efd4cca3",
  "outputs": {},
  "resources": [
    {
      "mode": "managed",
      "type": "aws_vpc",
      "name": "vpc",
      "provider": "provider[\"registry.terraform.io/hashicorp/aws\"]",
      "instances": [
        {
          "schema_version": 1,
          "attributes": {
            "arn": "arn:aws:ec2:us-east-1:429106463540:vpc/vpc-0a859d9ed8a1ea424",
            "assign_generated_ipv6_cidr_block": false,
            "cidr_block": "10.0.0.0/16",
            "default_network_acl_id": "acl-0951acb158b6b9954",
            "default_route_table_id": "rtb-0ff24584f99df0e11",
            "default_security_group_id": "sg-0c782e12817047f30",
            "dhcp_options_id": "dopt-0542307f",
            "enable_classiclink": false,
            "enable_classiclink_dns_support": false,
            "enable_dns_hostnames": false,
            "enable_dns_support": true,
            "id": "vpc-0a859d9ed8a1ea424",
            "instance_tenancy": "default",
            "ipv6_association_id": "",
            "ipv6_cidr_block": "",
            "main_route_table_id": "rtb-0ff24584f99df0e11",
            "owner_id": "429106463540",
            "tags": {
              "Environment": "infrastructure environment",
              "ManagedBy": "terraform",
              "Name": "pradeep-infrastructure environment-vpc",
              "Project": "pradeep_prac"
            },
            "tags_all": {
              "Environment": "infrastructure environment",
              "ManagedBy": "terraform",
              "Name": "pradeep-infrastructure environment-vpc",
              "Project": "pradeep_prac"
            }
          },
          "sensitive_attributes": [],
          "private": "eyJzY2hlbWFfdmVyc2lvbiI6IjEifQ=="
        }
      ]
    }
  ]
}
